Microsoft Visual Studio Solution File, Format Version 12.00
# Visual Studio Version 17
VisualStudioVersion = 17.0.31903.59
MinimumVisualStudioVersion = 10.0.40219.1
Project("{FAE04EC0-301F-11D3-BF4B-00C04F79EFBC}") = "JobsMarketplace.Api", "JobsMarketplace.Api\JobsMarketplace.Api.csproj", "{B2C0F75F-5F56-4E43-8D29-AE186D6B2F43}"
EndProject
Project("{FAE04EC0-301F-11D3-BF4B-00C04F79EFBC}") = "JobsMarketplace.Tests", "JobsMarketplace.Tests\JobsMarketplace.Tests.csproj", "{E5E0A1B8-4DB0-4F30-B0F3-AB626FD4B25F}"
EndProject
Global
	GlobalSection(SolutionConfigurationPlatforms) = preSolution
		Debug|Any CPU = Debug|Any CPU
		Release|Any CPU = Release|Any CPU
	EndGlobalSection
	GlobalSection(ProjectConfigurationPlatforms) = postSolution
		{B2C0F75F-5F56-4E43-8D29-AE186D6B2F43}.Debug|Any CPU.ActiveCfg = Debug|Any CPU
		{B2C0F75F-5F56-4E43-8D29-AE186D6B2F43}.Debug|Any CPU.Build.0 = Debug|Any CPU
		{B2C0F75F-5F56-4E43-8D29-AE186D6B2F43}.Release|Any CPU.ActiveCfg = Release|Any CPU
		{B2C0F75F-5F56-4E43-8D29-AE186D6B2F43}.Release|Any CPU.Build.0 = Release|Any CPU
		{E5E0A1B8-4DB0-4F30-B0F3-AB626FD4B25F}.Debug|Any CPU.ActiveCfg = Debug|Any CPU
		{E5E0A1B8-4DB0-4F30-B0F3-AB626FD4B25F}.Debug|Any CPU.Build.0 = Debug|Any CPU
		{E5E0A1B8-4DB0-4F30-B0F3-AB626FD4B25F}.Release|Any CPU.ActiveCfg = Release|Any CPU
		{E5E0A1B8-4DB0-4F30-B0F3-AB626FD4B25F}.Release|Any CPU.Build.0 = Release|Any CPU
	EndGlobalSection
	GlobalSection(SolutionProperties) = preSolution
		HideSolutionNode = FALSE
	EndGlobalSection
EndGlobal

